<Solution>
  <Project Path="Unityc505fb5bf897b4f24675.MY.csproj" />
  <Project Path="Assembly-CSharp.csproj" />
  <Project Path="Unityc505fb5bf897b4f24675.MY.Editor.Tests.csproj" />
  <Project Path="Unityc505fb5bf897b4f24675.MY.Tests.csproj" />
  <Project Path="Unityc505fb5bf897b4f24675.MY.Editor.csproj" />
</Solution>
